{
  "lockfileVersion": 1,
  "configVersion": 1,
  "workspaces": {
    "": {
      "dependencies": {
        "@hono/zod-validator": "^0.7.6",
      },
    },
  },
  "packages": {
    "@hono/zod-validator": ["@hono/zod-validator@0.7.6", "", { "peerDependencies": { "hono": ">=3.9.0", "zod": "^3.25.0 || ^4.0.0" } }, "sha512-Io1B6d011Gj1KknV4rXYz4le5+5EubcWEU/speUjuw9XMMIaP3n78yXLhjd2A3PXaXaUwEAluOiAyLqhBEJgsw=="],

    "hono": ["hono@4.11.3", "", {}, "sha512-PmQi306+M/ct/m5s66Hrg+adPnkD5jiO6IjA7WhWw0gSBSo1EcRegwuI1deZ+wd5pzCGynCcn2DprnE4/yEV4w=="],

    "zod": ["zod@4.3.5", "", {}, "sha512-k7Nwx6vuWx1IJ9Bjuf4Zt1PEllcwe7cls3VNzm4CQ1/hgtFUK2bRNG3rvnpPUhFjmqJKAKtjV576KnUkHocg/g=="],
  }
}
